
Microsoft Visual Studio Solution File, Format Version 12.00
# Visual Studio 14
VisualStudioVersion = 14.0.25420.1
MinimumVisualStudioVersion = 10.0.40219.1
Project("{8BC9CEB8-8B4A-11D0-8D11-00A0C91BC942}") = "quad_tree", "quad_tree\quad_tree.vcxproj", "{D5B133BA-7AD3-4521-BF60-5DC073592388}"
EndProject
Project("{8BC9CEB8-8B4A-11D0-8D11-00A0C91BC942}") = "fence_cut", "fence_cut\fence_cut.vcxproj", "{65869308-F480-4A9D-B47F-92A9A6F7D05C}"
EndProject
Global
	GlobalSection(SolutionConfigurationPlatforms) = preSolution
		Debug|x64 = Debug|x64
		Debug|x86 = Debug|x86
		Release|x64 = Release|x64
		Release|x86 = Release|x86
	EndGlobalSection
	GlobalSection(ProjectConfigurationPlatforms) = postSolution
		{D5B133BA-7AD3-4521-BF60-5DC073592388}.Debug|x64.ActiveCfg = Debug|x64
		{D5B133BA-7AD3-4521-BF60-5DC073592388}.Debug|x64.Build.0 = Debug|x64
		{D5B133BA-7AD3-4521-BF60-5DC073592388}.Debug|x86.ActiveCfg = Debug|Win32
		{D5B133BA-7AD3-4521-BF60-5DC073592388}.Debug|x86.Build.0 = Debug|Win32
		{D5B133BA-7AD3-4521-BF60-5DC073592388}.Release|x64.ActiveCfg = Release|x64
		{D5B133BA-7AD3-4521-BF60-5DC073592388}.Release|x64.Build.0 = Release|x64
		{D5B133BA-7AD3-4521-BF60-5DC073592388}.Release|x86.ActiveCfg = Release|Win32
		{D5B133BA-7AD3-4521-BF60-5DC073592388}.Release|x86.Build.0 = Release|Win32
		{65869308-F480-4A9D-B47F-92A9A6F7D05C}.Debug|x64.ActiveCfg = Debug|x64
		{65869308-F480-4A9D-B47F-92A9A6F7D05C}.Debug|x64.Build.0 = Debug|x64
		{65869308-F480-4A9D-B47F-92A9A6F7D05C}.Debug|x86.ActiveCfg = Debug|Win32
		{65869308-F480-4A9D-B47F-92A9A6F7D05C}.Debug|x86.Build.0 = Debug|Win32
		{65869308-F480-4A9D-B47F-92A9A6F7D05C}.Release|x64.ActiveCfg = Release|x64
		{65869308-F480-4A9D-B47F-92A9A6F7D05C}.Release|x64.Build.0 = Release|x64
		{65869308-F480-4A9D-B47F-92A9A6F7D05C}.Release|x86.ActiveCfg = Release|Win32
		{65869308-F480-4A9D-B47F-92A9A6F7D05C}.Release|x86.Build.0 = Release|Win32
	EndGlobalSection
	GlobalSection(SolutionProperties) = preSolution
		HideSolutionNode = FALSE
	EndGlobalSection
	GlobalSection(ExtensibilityGlobals) = postSolution
		SolutionGuid = {2312CFD7-5357-4DFD-A6E8-82DDDC9A41D2}
	EndGlobalSection
EndGlobal
